
Microsoft Visual Studio Solution File, Format Version 12.00
# Visual Studio Version 17
VisualStudioVersion = 17.5.33502.453
MinimumVisualStudioVersion = 10.0.40219.1
Project("{FAE04EC0-301F-11D3-BF4B-00C04F79EFBC}") = "LightBDDTests", "LightBDDTests\LightBDDTests.csproj", "{15B6A4E1-FBE0-95C1-7ECC-EA99337BBA2C}"
EndProject
Project("{FAE04EC0-301F-11D3-BF4B-00C04F79EFBC}") = "WebApp.Api", "WebApp.Api\WebApp.Api.csproj", "{C7BF7522-F8B5-D828-CB29-F22E49830696}"
EndProject
Global
	GlobalSection(SolutionConfigurationPlatforms) = preSolution
		Debug|Any CPU = Debug|Any CPU
		Release|Any CPU = Release|Any CPU
	EndGlobalSection
	GlobalSection(ProjectConfigurationPlatforms) = postSolution
		{15B6A4E1-FBE0-95C1-7ECC-EA99337BBA2C}.Debug|Any CPU.ActiveCfg = Debug|Any CPU
		{15B6A4E1-FBE0-95C1-7ECC-EA99337BBA2C}.Debug|Any CPU.Build.0 = Debug|Any CPU
		{15B6A4E1-FBE0-95C1-7ECC-EA99337BBA2C}.Release|Any CPU.ActiveCfg = Release|Any CPU
		{15B6A4E1-FBE0-95C1-7ECC-EA99337BBA2C}.Release|Any CPU.Build.0 = Release|Any CPU
		{C7BF7522-F8B5-D828-CB29-F22E49830696}.Debug|Any CPU.ActiveCfg = Debug|Any CPU
		{C7BF7522-F8B5-D828-CB29-F22E49830696}.Debug|Any CPU.Build.0 = Debug|Any CPU
		{C7BF7522-F8B5-D828-CB29-F22E49830696}.Release|Any CPU.ActiveCfg = Release|Any CPU
		{C7BF7522-F8B5-D828-CB29-F22E49830696}.Release|Any CPU.Build.0 = Release|Any CPU
	EndGlobalSection
	GlobalSection(SolutionProperties) = preSolution
		HideSolutionNode = FALSE
	EndGlobalSection
	GlobalSection(ExtensibilityGlobals) = postSolution
		SolutionGuid = {06A1434F-6C8B-4400-B370-88E1AD3B7C86}
	EndGlobalSection
EndGlobal
